
Microsoft Visual Studio Solution File, Format Version 12.00
# Visual Studio Version 17
VisualStudioVersion = 17.4.33403.182
MinimumVisualStudioVersion = 10.0.40219.1
Project("{FAE04EC0-301F-11D3-BF4B-00C04F79EFBC}") = "GestionEtudiant", "GestionEtudiant\GestionEtudiant.csproj", "{1AEFD19E-E188-48C0-9903-57364D48A6A4}"
EndProject
Global
	GlobalSection(SolutionConfigurationPlatforms) = preSolution
		Debug|Any CPU = Debug|Any CPU
		Release|Any CPU = Release|Any CPU
	EndGlobalSection
	GlobalSection(ProjectConfigurationPlatforms) = postSolution
		{1AEFD19E-E188-48C0-9903-57364D48A6A4}.Debug|Any CPU.ActiveCfg = Debug|Any CPU
		{1AEFD19E-E188-48C0-9903-57364D48A6A4}.Debug|Any CPU.Build.0 = Debug|Any CPU
		{1AEFD19E-E188-48C0-9903-57364D48A6A4}.Release|Any CPU.ActiveCfg = Release|Any CPU
		{1AEFD19E-E188-48C0-9903-57364D48A6A4}.Release|Any CPU.Build.0 = Release|Any CPU
	EndGlobalSection
	GlobalSection(SolutionProperties) = preSolution
		HideSolutionNode = FALSE
	EndGlobalSection
	GlobalSection(ExtensibilityGlobals) = postSolution
		SolutionGuid = {DF462B87-8D57-4C74-BDBA-7BCA22C70971}
	EndGlobalSection
EndGlobal
